
Microsoft Visual Studio Solution File, Format Version 12.00
# Visual Studio 15
VisualStudioVersion = 15.0.28307.106
MinimumVisualStudioVersion = 10.0.40219.1
Project("{9A19103F-16F7-4668-BE54-9A1E7A4F7556}") = "FunnyGif", "FunnyGif\FunnyGif.csproj", "{347E66C2-D2E6-4ABE-8326-20349AC3673F}"
EndProject
Project("{FAE04EC0-301F-11D3-BF4B-00C04F79EFBC}") = "FunnyGif.App.Android", "FunnyGif.App\FunnyGif.App.Android\FunnyGif.App.Android.csproj", "{892A42AD-BFC3-4800-A3BF-A89011BC20B0}"
EndProject
Project("{9A19103F-16F7-4668-BE54-9A1E7A4F7556}") = "FunnyGif.App", "FunnyGif.App\FunnyGif.App\FunnyGif.App.csproj", "{BB3811FE-59AA-4CD8-A128-B31A88EF5B47}"
EndProject
Project("{9A19103F-16F7-4668-BE54-9A1E7A4F7556}") = "FunnyGif.ClientConsole", "FunnyGif.ClientConsole\FunnyGif.ClientConsole.csproj", "{ACCC3333-FD9B-4741-BCAC-CA0314B2B4A6}"
EndProject
Global
	GlobalSection(SolutionConfigurationPlatforms) = preSolution
		Ad-Hoc|Any CPU = Ad-Hoc|Any CPU
		Ad-Hoc|iPhone = Ad-Hoc|iPhone
		Ad-Hoc|iPhoneSimulator = Ad-Hoc|iPhoneSimulator
		AppStore|Any CPU = AppStore|Any CPU
		AppStore|iPhone = AppStore|iPhone
		AppStore|iPhoneSimulator = AppStore|iPhoneSimulator
		Debug|Any CPU = Debug|Any CPU
		Debug|iPhone = Debug|iPhone
		Debug|iPhoneSimulator = Debug|iPhoneSimulator
		Release|Any CPU = Release|Any CPU
		Release|iPhone = Release|iPhone
		Release|iPhoneSimulator = Release|iPhoneSimulator
	EndGlobalSection
	GlobalSection(ProjectConfigurationPlatforms) = postSolution
		{347E66C2-D2E6-4ABE-8326-20349AC3673F}.Ad-Hoc|Any CPU.ActiveCfg = Debug|Any CPU
		{347E66C2-D2E6-4ABE-8326-20349AC3673F}.Ad-Hoc|Any CPU.Build.0 = Debug|Any CPU
		{347E66C2-D2E6-4ABE-8326-20349AC3673F}.Ad-Hoc|iPhone.ActiveCfg = Debug|Any CPU
		{347E66C2-D2E6-4ABE-8326-20349AC3673F}.Ad-Hoc|iPhone.Build.0 = Debug|Any CPU
		{347E66C2-D2E6-4ABE-8326-20349AC3673F}.Ad-Hoc|iPhoneSimulator.ActiveCfg = Debug|Any CPU
		{347E66C2-D2E6-4ABE-8326-20349AC3673F}.Ad-Hoc|iPhoneSimulator.Build.0 = Debug|Any CPU
		{347E66C2-D2E6-4ABE-8326-20349AC3673F}.AppStore|Any CPU.ActiveCfg = Debug|Any CPU
		{347E66C2-D2E6-4ABE-8326-20349AC3673F}.AppStore|Any CPU.Build.0 = Debug|Any CPU
		{347E66C2-D2E6-4ABE-8326-20349AC3673F}.AppStore|iPhone.ActiveCfg = Debug|Any CPU
		{347E66C2-D2E6-4ABE-8326-20349AC3673F}.AppStore|iPhone.Build.0 = Debug|Any CPU
		{347E66C2-D2E6-4ABE-8326-20349AC3673F}.AppStore|iPhoneSimulator.ActiveCfg = Debug|Any CPU
		{347E66C2-D2E6-4ABE-8326-20349AC3673F}.AppStore|iPhoneSimulator.Build.0 = Debug|Any CPU
		{347E66C2-D2E6-4ABE-8326-20349AC3673F}.Debug|Any CPU.ActiveCfg = Debug|Any CPU
		{347E66C2-D2E6-4ABE-8326-20349AC3673F}.Debug|Any CPU.Build.0 = Debug|Any CPU
		{347E66C2-D2E6-4ABE-8326-20349AC3673F}.Debug|iPhone.ActiveCfg = Debug|Any CPU
		{347E66C2-D2E6-4ABE-8326-20349AC3673F}.Debug|iPhone.Build.0 = Debug|Any CPU
		{347E66C2-D2E6-4ABE-8326-20349AC3673F}.Debug|iPhoneSimulator.ActiveCfg = Debug|Any CPU
		{347E66C2-D2E6-4ABE-8326-20349AC3673F}.Debug|iPhoneSimulator.Build.0 = Debug|Any CPU
		{347E66C2-D2E6-4ABE-8326-20349AC3673F}.Release|Any CPU.ActiveCfg = Release|Any CPU
		{347E66C2-D2E6-4ABE-8326-20349AC3673F}.Release|Any CPU.Build.0 = Release|Any CPU
		{347E66C2-D2E6-4ABE-8326-20349AC3673F}.Release|iPhone.ActiveCfg = Release|Any CPU
		{347E66C2-D2E6-4ABE-8326-20349AC3673F}.Release|iPhone.Build.0 = Release|Any CPU
		{347E66C2-D2E6-4ABE-8326-20349AC3673F}.Release|iPhoneSimulator.ActiveCfg = Release|Any CPU
		{347E66C2-D2E6-4ABE-8326-20349AC3673F}.Release|iPhoneSimulator.Build.0 = Release|Any CPU
		{892A42AD-BFC3-4800-A3BF-A89011BC20B0}.Ad-Hoc|Any CPU.ActiveCfg = Release|Any CPU
		{892A42AD-BFC3-4800-A3BF-A89011BC20B0}.Ad-Hoc|Any CPU.Build.0 = Release|Any CPU
		{892A42AD-BFC3-4800-A3BF-A89011BC20B0}.Ad-Hoc|Any CPU.Deploy.0 = Release|Any CPU
		{892A42AD-BFC3-4800-A3BF-A89011BC20B0}.Ad-Hoc|iPhone.ActiveCfg = Release|Any CPU
		{892A42AD-BFC3-4800-A3BF-A89011BC20B0}.Ad-Hoc|iPhone.Build.0 = Release|Any CPU
		{892A42AD-BFC3-4800-A3BF-A89011BC20B0}.Ad-Hoc|iPhone.Deploy.0 = Release|Any CPU
		{892A42AD-BFC3-4800-A3BF-A89011BC20B0}.Ad-Hoc|iPhoneSimulator.ActiveCfg = Release|Any CPU
		{892A42AD-BFC3-4800-A3BF-A89011BC20B0}.Ad-Hoc|iPhoneSimulator.Build.0 = Release|Any CPU
		{892A42AD-BFC3-4800-A3BF-A89011BC20B0}.Ad-Hoc|iPhoneSimulator.Deploy.0 = Release|Any CPU
		{892A42AD-BFC3-4800-A3BF-A89011BC20B0}.AppStore|Any CPU.ActiveCfg = Release|Any CPU
		{892A42AD-BFC3-4800-A3BF-A89011BC20B0}.AppStore|Any CPU.Build.0 = Release|Any CPU
		{892A42AD-BFC3-4800-A3BF-A89011BC20B0}.AppStore|Any CPU.Deploy.0 = Release|Any CPU
		{892A42AD-BFC3-4800-A3BF-A89011BC20B0}.AppStore|iPhone.ActiveCfg = Release|Any CPU
		{892A42AD-BFC3-4800-A3BF-A89011BC20B0}.AppStore|iPhone.Build.0 = Release|Any CPU
		{892A42AD-BFC3-4800-A3BF-A89011BC20B0}.AppStore|iPhone.Deploy.0 = Release|Any CPU
		{892A42AD-BFC3-4800-A3BF-A89011BC20B0}.AppStore|iPhoneSimulator.ActiveCfg = Release|Any CPU
		{892A42AD-BFC3-4800-A3BF-A89011BC20B0}.AppStore|iPhoneSimulator.Build.0 = Release|Any CPU
		{892A42AD-BFC3-4800-A3BF-A89011BC20B0}.AppStore|iPhoneSimulator.Deploy.0 = Release|Any CPU
		{892A42AD-BFC3-4800-A3BF-A89011BC20B0}.Debug|Any CPU.ActiveCfg = Debug|Any CPU
		{892A42AD-BFC3-4800-A3BF-A89011BC20B0}.Debug|Any CPU.Build.0 = Debug|Any CPU
		{892A42AD-BFC3-4800-A3BF-A89011BC20B0}.Debug|Any CPU.Deploy.0 = Debug|Any CPU
		{892A42AD-BFC3-4800-A3BF-A89011BC20B0}.Debug|iPhone.ActiveCfg = Debug|Any CPU
		{892A42AD-BFC3-4800-A3BF-A89011BC20B0}.Debug|iPhone.Build.0 = Debug|Any CPU
		{892A42AD-BFC3-4800-A3BF-A89011BC20B0}.Debug|iPhone.Deploy.0 = Debug|Any CPU
		{892A42AD-BFC3-4800-A3BF-A89011BC20B0}.Debug|iPhoneSimulator.ActiveCfg = Debug|Any CPU
		{892A42AD-BFC3-4800-A3BF-A89011BC20B0}.Debug|iPhoneSimulator.Build.0 = Debug|Any CPU
		{892A42AD-BFC3-4800-A3BF-A89011BC20B0}.Debug|iPhoneSimulator.Deploy.0 = Debug|Any CPU
		{892A42AD-BFC3-4800-A3BF-A89011BC20B0}.Release|Any CPU.ActiveCfg = Release|Any CPU
		{892A42AD-BFC3-4800-A3BF-A89011BC20B0}.Release|Any CPU.Build.0 = Release|Any CPU
		{892A42AD-BFC3-4800-A3BF-A89011BC20B0}.Release|Any CPU.Deploy.0 = Release|Any CPU
		{892A42AD-BFC3-4800-A3BF-A89011BC20B0}.Release|iPhone.ActiveCfg = Release|Any CPU
		{892A42AD-BFC3-4800-A3BF-A89011BC20B0}.Release|iPhone.Build.0 = Release|Any CPU
		{892A42AD-BFC3-4800-A3BF-A89011BC20B0}.Release|iPhone.Deploy.0 = Release|Any CPU
		{892A42AD-BFC3-4800-A3BF-A89011BC20B0}.Release|iPhoneSimulator.ActiveCfg = Release|Any CPU
		{892A42AD-BFC3-4800-A3BF-A89011BC20B0}.Release|iPhoneSimulator.Build.0 = Release|Any CPU
		{892A42AD-BFC3-4800-A3BF-A89011BC20B0}.Release|iPhoneSimulator.Deploy.0 = Release|Any CPU
		{BB3811FE-59AA-4CD8-A128-B31A88EF5B47}.Ad-Hoc|Any CPU.ActiveCfg = Debug|Any CPU
		{BB3811FE-59AA-4CD8-A128-B31A88EF5B47}.Ad-Hoc|Any CPU.Build.0 = Debug|Any CPU
		{BB3811FE-59AA-4CD8-A128-B31A88EF5B47}.Ad-Hoc|iPhone.ActiveCfg = Debug|Any CPU
		{BB3811FE-59AA-4CD8-A128-B31A88EF5B47}.Ad-Hoc|iPhone.Build.0 = Debug|Any CPU
		{BB3811FE-59AA-4CD8-A128-B31A88EF5B47}.Ad-Hoc|iPhoneSimulator.ActiveCfg = Debug|Any CPU
		{BB3811FE-59AA-4CD8-A128-B31A88EF5B47}.Ad-Hoc|iPhoneSimulator.Build.0 = Debug|Any CPU
		{BB3811FE-59AA-4CD8-A128-B31A88EF5B47}.AppStore|Any CPU.ActiveCfg = Debug|Any CPU
		{BB3811FE-59AA-4CD8-A128-B31A88EF5B47}.AppStore|Any CPU.Build.0 = Debug|Any CPU
		{BB3811FE-59AA-4CD8-A128-B31A88EF5B47}.AppStore|iPhone.ActiveCfg = Debug|Any CPU
		{BB3811FE-59AA-4CD8-A128-B31A88EF5B47}.AppStore|iPhone.Build.0 = Debug|Any CPU
		{BB3811FE-59AA-4CD8-A128-B31A88EF5B47}.AppStore|iPhoneSimulator.ActiveCfg = Debug|Any CPU
		{BB3811FE-59AA-4CD8-A128-B31A88EF5B47}.AppStore|iPhoneSimulator.Build.0 = Debug|Any CPU
		{BB3811FE-59AA-4CD8-A128-B31A88EF5B47}.Debug|Any CPU.ActiveCfg = Debug|Any CPU
		{BB3811FE-59AA-4CD8-A128-B31A88EF5B47}.Debug|Any CPU.Build.0 = Debug|Any CPU
		{BB3811FE-59AA-4CD8-A128-B31A88EF5B47}.Debug|iPhone.ActiveCfg = Debug|Any CPU
		{BB3811FE-59AA-4CD8-A128-B31A88EF5B47}.Debug|iPhone.Build.0 = Debug|Any CPU
		{BB3811FE-59AA-4CD8-A128-B31A88EF5B47}.Debug|iPhoneSimulator.ActiveCfg = Debug|Any CPU
		{BB3811FE-59AA-4CD8-A128-B31A88EF5B47}.Debug|iPhoneSimulator.Build.0 = Debug|Any CPU
		{BB3811FE-59AA-4CD8-A128-B31A88EF5B47}.Release|Any CPU.ActiveCfg = Release|Any CPU
		{BB3811FE-59AA-4CD8-A128-B31A88EF5B47}.Release|Any CPU.Build.0 = Release|Any CPU
		{BB3811FE-59AA-4CD8-A128-B31A88EF5B47}.Release|iPhone.ActiveCfg = Release|Any CPU
		{BB3811FE-59AA-4CD8-A128-B31A88EF5B47}.Release|iPhone.Build.0 = Release|Any CPU
		{BB3811FE-59AA-4CD8-A128-B31A88EF5B47}.Release|iPhoneSimulator.ActiveCfg = Release|Any CPU
		{BB3811FE-59AA-4CD8-A128-B31A88EF5B47}.Release|iPhoneSimulator.Build.0 = Release|Any CPU
		{ACCC3333-FD9B-4741-BCAC-CA0314B2B4A6}.Ad-Hoc|Any CPU.ActiveCfg = Debug|Any CPU
		{ACCC3333-FD9B-4741-BCAC-CA0314B2B4A6}.Ad-Hoc|Any CPU.Build.0 = Debug|Any CPU
		{ACCC3333-FD9B-4741-BCAC-CA0314B2B4A6}.Ad-Hoc|iPhone.ActiveCfg = Debug|Any CPU
		{ACCC3333-FD9B-4741-BCAC-CA0314B2B4A6}.Ad-Hoc|iPhone.Build.0 = Debug|Any CPU
		{ACCC3333-FD9B-4741-BCAC-CA0314B2B4A6}.Ad-Hoc|iPhoneSimulator.ActiveCfg = Debug|Any CPU
		{ACCC3333-FD9B-4741-BCAC-CA0314B2B4A6}.Ad-Hoc|iPhoneSimulator.Build.0 = Debug|Any CPU
		{ACCC3333-FD9B-4741-BCAC-CA0314B2B4A6}.AppStore|Any CPU.ActiveCfg = Debug|Any CPU
		{ACCC3333-FD9B-4741-BCAC-CA0314B2B4A6}.AppStore|Any CPU.Build.0 = Debug|Any CPU
		{ACCC3333-FD9B-4741-BCAC-CA0314B2B4A6}.AppStore|iPhone.ActiveCfg = Debug|Any CPU
		{ACCC3333-FD9B-4741-BCAC-CA0314B2B4A6}.AppStore|iPhone.Build.0 = Debug|Any CPU
		{ACCC3333-FD9B-4741-BCAC-CA0314B2B4A6}.AppStore|iPhoneSimulator.ActiveCfg = Debug|Any CPU
		{ACCC3333-FD9B-4741-BCAC-CA0314B2B4A6}.AppStore|iPhoneSimulator.Build.0 = Debug|Any CPU
		{ACCC3333-FD9B-4741-BCAC-CA0314B2B4A6}.Debug|Any CPU.ActiveCfg = Debug|Any CPU
		{ACCC3333-FD9B-4741-BCAC-CA0314B2B4A6}.Debug|Any CPU.Build.0 = Debug|Any CPU
		{ACCC3333-FD9B-4741-BCAC-CA0314B2B4A6}.Debug|iPhone.ActiveCfg = Debug|Any CPU
		{ACCC3333-FD9B-4741-BCAC-CA0314B2B4A6}.Debug|iPhone.Build.0 = Debug|Any CPU
		{ACCC3333-FD9B-4741-BCAC-CA0314B2B4A6}.Debug|iPhoneSimulator.ActiveCfg = Debug|Any CPU
		{ACCC3333-FD9B-4741-BCAC-CA0314B2B4A6}.Debug|iPhoneSimulator.Build.0 = Debug|Any CPU
		{ACCC3333-FD9B-4741-BCAC-CA0314B2B4A6}.Release|Any CPU.ActiveCfg = Release|Any CPU
		{ACCC3333-FD9B-4741-BCAC-CA0314B2B4A6}.Release|Any CPU.Build.0 = Release|Any CPU
		{ACCC3333-FD9B-4741-BCAC-CA0314B2B4A6}.Release|iPhone.ActiveCfg = Release|Any CPU
		{ACCC3333-FD9B-4741-BCAC-CA0314B2B4A6}.Release|iPhone.Build.0 = Release|Any CPU
		{ACCC3333-FD9B-4741-BCAC-CA0314B2B4A6}.Release|iPhoneSimulator.ActiveCfg = Release|Any CPU
		{ACCC3333-FD9B-4741-BCAC-CA0314B2B4A6}.Release|iPhoneSimulator.Build.0 = Release|Any CPU
	EndGlobalSection
	GlobalSection(SolutionProperties) = preSolution
		HideSolutionNode = FALSE
	EndGlobalSection
	GlobalSection(ExtensibilityGlobals) = postSolution
		SolutionGuid = {4906EDE8-B97C-4352-BA71-0277CBBA24F8}
	EndGlobalSection
EndGlobal
